
Microsoft Visual Studio Solution File, Format Version 12.00
Project("{FAE04EC0-301F-11D3-BF4B-00C04F79EFBC}") = "TiposDeDados1", "TiposDeDados1\TiposDeDados1.csproj", "{999A3FB1-1A38-4BF9-891B-1225DAD24861}"
EndProject
Project("{FAE04EC0-301F-11D3-BF4B-00C04F79EFBC}") = "TipoDeDados2", "TipoDeDados2\TipoDeDados2.csproj", "{B9A23A71-560C-4DE3-B1B8-8EA5B65F4209}"
EndProject
Global
	GlobalSection(SolutionConfigurationPlatforms) = preSolution
		Debug|Any CPU = Debug|Any CPU
		Release|Any CPU = Release|Any CPU
	EndGlobalSection
	GlobalSection(ProjectConfigurationPlatforms) = postSolution
		{999A3FB1-1A38-4BF9-891B-1225DAD24861}.Debug|Any CPU.ActiveCfg = Debug|Any CPU
		{999A3FB1-1A38-4BF9-891B-1225DAD24861}.Debug|Any CPU.Build.0 = Debug|Any CPU
		{999A3FB1-1A38-4BF9-891B-1225DAD24861}.Release|Any CPU.ActiveCfg = Release|Any CPU
		{999A3FB1-1A38-4BF9-891B-1225DAD24861}.Release|Any CPU.Build.0 = Release|Any CPU
		{B9A23A71-560C-4DE3-B1B8-8EA5B65F4209}.Debug|Any CPU.ActiveCfg = Debug|Any CPU
		{B9A23A71-560C-4DE3-B1B8-8EA5B65F4209}.Debug|Any CPU.Build.0 = Debug|Any CPU
		{B9A23A71-560C-4DE3-B1B8-8EA5B65F4209}.Release|Any CPU.ActiveCfg = Release|Any CPU
		{B9A23A71-560C-4DE3-B1B8-8EA5B65F4209}.Release|Any CPU.Build.0 = Release|Any CPU
	EndGlobalSection
EndGlobal
