
Microsoft Visual Studio Solution File, Format Version 12.00
Project("{FAE04EC0-301F-11D3-BF4B-00C04F79EFBC}") = "MeuProjeto", "MeuProjeto\MeuProjeto.csproj", "{7882D00E-DCC9-43E9-9325-07BD63923517}"
EndProject
Project("{FAE04EC0-301F-11D3-BF4B-00C04F79EFBC}") = "MeuProjeto2", "MeuProjeto2\MeuProjeto2.csproj", "{9CA50391-6D06-4740-9E7E-A6D8BEC3C9E8}"
EndProject
Global
	GlobalSection(SolutionConfigurationPlatforms) = preSolution
		Debug|Any CPU = Debug|Any CPU
		Release|Any CPU = Release|Any CPU
	EndGlobalSection
	GlobalSection(ProjectConfigurationPlatforms) = postSolution
		{7882D00E-DCC9-43E9-9325-07BD63923517}.Debug|Any CPU.ActiveCfg = Debug|Any CPU
		{7882D00E-DCC9-43E9-9325-07BD63923517}.Debug|Any CPU.Build.0 = Debug|Any CPU
		{7882D00E-DCC9-43E9-9325-07BD63923517}.Release|Any CPU.ActiveCfg = Release|Any CPU
		{7882D00E-DCC9-43E9-9325-07BD63923517}.Release|Any CPU.Build.0 = Release|Any CPU
		{9CA50391-6D06-4740-9E7E-A6D8BEC3C9E8}.Debug|Any CPU.ActiveCfg = Debug|Any CPU
		{9CA50391-6D06-4740-9E7E-A6D8BEC3C9E8}.Debug|Any CPU.Build.0 = Debug|Any CPU
		{9CA50391-6D06-4740-9E7E-A6D8BEC3C9E8}.Release|Any CPU.ActiveCfg = Release|Any CPU
		{9CA50391-6D06-4740-9E7E-A6D8BEC3C9E8}.Release|Any CPU.Build.0 = Release|Any CPU
	EndGlobalSection
EndGlobal
